{
	"name": "@picos/core",
	"version": "0.0.0",
	"lockfileVersion": 1,
	"requires": true,
	"dependencies": {
		"ts-essentials": {
			"version": "6.0.2",
			"resolved": "https://registry.npmjs.org/ts-essentials/-/ts-essentials-6.0.2.tgz",
			"integrity": "sha512-C7Ujc1nSGURahqEy00vvJogkxJoxGLp80tbzI/vTmMn1k8jUYNPVlzvs9APqwr7GWJG1ORwsi1xmtRWEIK6m6w=="
		},
		"typescript": {
			"version": "3.8.3",
			"resolved": "https://registry.npmjs.org/typescript/-/typescript-3.8.3.tgz",
			"integrity": "sha512-MYlEfn5VrLNsgudQTVJeNaQFUAI7DkhnOjdpAp4T+ku1TfQClewlbSuTVHiA+8skNBgaf02TL/kLOvig4y3G8w==",
			"dev": true
		}
	}
}
